
Microsoft Visual Studio Solution File, Format Version 12.00
Project("{FAE04EC0-301F-11D3-BF4B-00C04F79EFBC}") = "SimpleClinicApi", "SimpleClinicApi\SimpleClinicApi.csproj", "{2C46749D-16A0-4982-87F3-AB04B0419B56}"
EndProject
Project("{FAE04EC0-301F-11D3-BF4B-00C04F79EFBC}") = "SimpleClinicApi.Domain", "SimpleClinicApi.Domain\SimpleClinicApi.Domain.csproj", "{76208A68-E820-461B-B45A-8D33866DBEF6}"
EndProject
Project("{FAE04EC0-301F-11D3-BF4B-00C04F79EFBC}") = "SimpleClinicApi.DataAccess", "SimpleClinicApi.DataAccess\SimpleClinicApi.DataAccess.csproj", "{808F0B8A-088C-4F36-8A9C-8948EA8EE016}"
EndProject
Project("{FAE04EC0-301F-11D3-BF4B-00C04F79EFBC}") = "SimpleClinicApi.Infrastructure", "SimpleClinicApi.Infrastructure\SimpleClinicApi.Infrastructure.csproj", "{5550135C-DBEB-4E3F-BE48-25E937E554B3}"
EndProject
Project("{FAE04EC0-301F-11D3-BF4B-00C04F79EFBC}") = "SimpleClinicApi.Tests", "SimpleClinicApi.Tests\SimpleClinicApi.Tests.csproj", "{A2740FF9-806E-421B-8AC1-7532A277FCF9}"
EndProject
Project("{2150E333-8FDC-42A3-9474-1A3956D46DE8}") = "Config", "Config", "{84A89504-EE86-43E2-91C6-F1D5561E8E0D}"
	ProjectSection(SolutionItems) = preProject
		.editorconfig = .editorconfig
		Directory.Build.props = Directory.Build.props
		Directory.Packages.props = Directory.Packages.props
		docker-compose.yml = docker-compose.yml
		Dockerfile = Dockerfile
		NuGet.config = NuGet.config
	EndProjectSection
EndProject
Project("{2150E333-8FDC-42A3-9474-1A3956D46DE8}") = "Build", "Build", "{B73CEDBE-5EAF-491C-B55E-F2666E390352}"
EndProject
Project("{FAE04EC0-301F-11D3-BF4B-00C04F79EFBC}") = "Build", "Build\Build.csproj", "{313F7730-0C9F-49C6-AE99-24527AAA0F02}"
EndProject
Global
	GlobalSection(SolutionConfigurationPlatforms) = preSolution
		Debug|Any CPU = Debug|Any CPU
		Release|Any CPU = Release|Any CPU
	EndGlobalSection
	GlobalSection(ProjectConfigurationPlatforms) = postSolution
		{2C46749D-16A0-4982-87F3-AB04B0419B56}.Debug|Any CPU.ActiveCfg = Debug|Any CPU
		{2C46749D-16A0-4982-87F3-AB04B0419B56}.Debug|Any CPU.Build.0 = Debug|Any CPU
		{2C46749D-16A0-4982-87F3-AB04B0419B56}.Release|Any CPU.ActiveCfg = Release|Any CPU
		{2C46749D-16A0-4982-87F3-AB04B0419B56}.Release|Any CPU.Build.0 = Release|Any CPU
		{76208A68-E820-461B-B45A-8D33866DBEF6}.Debug|Any CPU.ActiveCfg = Debug|Any CPU
		{76208A68-E820-461B-B45A-8D33866DBEF6}.Debug|Any CPU.Build.0 = Debug|Any CPU
		{76208A68-E820-461B-B45A-8D33866DBEF6}.Release|Any CPU.ActiveCfg = Release|Any CPU
		{76208A68-E820-461B-B45A-8D33866DBEF6}.Release|Any CPU.Build.0 = Release|Any CPU
		{808F0B8A-088C-4F36-8A9C-8948EA8EE016}.Debug|Any CPU.ActiveCfg = Debug|Any CPU
		{808F0B8A-088C-4F36-8A9C-8948EA8EE016}.Debug|Any CPU.Build.0 = Debug|Any CPU
		{808F0B8A-088C-4F36-8A9C-8948EA8EE016}.Release|Any CPU.ActiveCfg = Release|Any CPU
		{808F0B8A-088C-4F36-8A9C-8948EA8EE016}.Release|Any CPU.Build.0 = Release|Any CPU
		{5550135C-DBEB-4E3F-BE48-25E937E554B3}.Debug|Any CPU.ActiveCfg = Debug|Any CPU
		{5550135C-DBEB-4E3F-BE48-25E937E554B3}.Debug|Any CPU.Build.0 = Debug|Any CPU
		{5550135C-DBEB-4E3F-BE48-25E937E554B3}.Release|Any CPU.ActiveCfg = Release|Any CPU
		{5550135C-DBEB-4E3F-BE48-25E937E554B3}.Release|Any CPU.Build.0 = Release|Any CPU
		{A2740FF9-806E-421B-8AC1-7532A277FCF9}.Debug|Any CPU.ActiveCfg = Debug|Any CPU
		{A2740FF9-806E-421B-8AC1-7532A277FCF9}.Debug|Any CPU.Build.0 = Debug|Any CPU
		{A2740FF9-806E-421B-8AC1-7532A277FCF9}.Release|Any CPU.ActiveCfg = Release|Any CPU
		{A2740FF9-806E-421B-8AC1-7532A277FCF9}.Release|Any CPU.Build.0 = Release|Any CPU
		{313F7730-0C9F-49C6-AE99-24527AAA0F02}.Debug|Any CPU.ActiveCfg = Debug|Any CPU
		{313F7730-0C9F-49C6-AE99-24527AAA0F02}.Debug|Any CPU.Build.0 = Debug|Any CPU
		{313F7730-0C9F-49C6-AE99-24527AAA0F02}.Release|Any CPU.ActiveCfg = Release|Any CPU
		{313F7730-0C9F-49C6-AE99-24527AAA0F02}.Release|Any CPU.Build.0 = Release|Any CPU
	EndGlobalSection
	GlobalSection(NestedProjects) = preSolution
		{313F7730-0C9F-49C6-AE99-24527AAA0F02} = {B73CEDBE-5EAF-491C-B55E-F2666E390352}
	EndGlobalSection
EndGlobal
